
Microsoft Visual Studio Solution File, Format Version 12.00
# Visual Studio Version 17
VisualStudioVersion = 17.4.33213.308
MinimumVisualStudioVersion = 10.0.40219.1
Project("{9A19103F-16F7-4668-BE54-9A1E7A4F7556}") = "HeartmadeCandles.API", "HeartmadeCandles.API\HeartmadeCandles.API.csproj", "{995275C1-C8C3-48B6-BD77-AA2CB66CA360}"
EndProject
Project("{9A19103F-16F7-4668-BE54-9A1E7A4F7556}") = "HeartmadeCandles.BusinessLogic", "HeartmadeCandles.BusinessLogic\HeartmadeCandles.BusinessLogic.csproj", "{DCD9FDBD-B53C-4639-8D0A-749F2D2F9298}"
EndProject
Project("{9A19103F-16F7-4668-BE54-9A1E7A4F7556}") = "HeartmadeCandles.Core", "HeartmadeCandles.Core\HeartmadeCandles.Core.csproj", "{9846AFBA-9A20-4A8B-B9FC-ED45ECBAF516}"
EndProject
Project("{9A19103F-16F7-4668-BE54-9A1E7A4F7556}") = "HeartmadeCandles.DataAccess.MongoDB", "HeartmadeCandles.DataAccess.MongoDB\HeartmadeCandles.DataAccess.MongoDB.csproj", "{65A76418-682B-4F71-B718-ADE2AEF0CB7D}"
EndProject
Project("{9A19103F-16F7-4668-BE54-9A1E7A4F7556}") = "HeartmadeCandles.Bot", "HeartmadeCandles.Bot\HeartmadeCandles.Bot.csproj", "{51E9B37F-4EF9-4DA1-BDAB-82A808B250DE}"
EndProject
Project("{E53339B2-1760-4266-BCC7-CA923CBCF16C}") = "docker-compose", "docker-compose.dcproj", "{7B37A876-2905-4F90-B552-DDA679D1F4FD}"
EndProject
Project("{2150E333-8FDC-42A3-9474-1A3956D46DE8}") = "Admin", "Admin", "{95A9DDDF-6519-4EE5-A51C-0E665D67BEDC}"
EndProject
Project("{9A19103F-16F7-4668-BE54-9A1E7A4F7556}") = "HeartmadeCandles.Admin.BL", "HeartmadeCandles.Admin.BL\HeartmadeCandles.Admin.BL.csproj", "{C6FF08C9-56B2-49B0-94FF-A5065797B676}"
EndProject
Project("{9A19103F-16F7-4668-BE54-9A1E7A4F7556}") = "HeartmadeCandles.Admin.DAL", "HeartmadeCandles.Admin.DAL\HeartmadeCandles.Admin.DAL.csproj", "{E1AB6BB5-881B-4D14-80F8-A57FCB411552}"
EndProject
Project("{9A19103F-16F7-4668-BE54-9A1E7A4F7556}") = "HeartmadeCandles.Admin.Core", "HeartmadeCandles.Admin.Core\HeartmadeCandles.Admin.Core.csproj", "{0521F71C-9CFC-46E3-8E52-33B600B83985}"
EndProject
Project("{9A19103F-16F7-4668-BE54-9A1E7A4F7556}") = "HeartmadeCandles.Migrations", "HeartmadeCandles.Migrations\HeartmadeCandles.Migrations.csproj", "{131B8296-9A56-402E-9DDF-CF4234E57F39}"
EndProject
Project("{9A19103F-16F7-4668-BE54-9A1E7A4F7556}") = "HeartmadeCandles.UnitTests", "HeartmadeCandles.Tests\HeartmadeCandles.UnitTests.csproj", "{E3690643-3097-4AC6-B770-A4884B31B30B}"
EndProject
Global
	GlobalSection(SolutionConfigurationPlatforms) = preSolution
		Debug|Any CPU = Debug|Any CPU
		Release|Any CPU = Release|Any CPU
	EndGlobalSection
	GlobalSection(ProjectConfigurationPlatforms) = postSolution
		{995275C1-C8C3-48B6-BD77-AA2CB66CA360}.Debug|Any CPU.ActiveCfg = Debug|Any CPU
		{995275C1-C8C3-48B6-BD77-AA2CB66CA360}.Debug|Any CPU.Build.0 = Debug|Any CPU
		{995275C1-C8C3-48B6-BD77-AA2CB66CA360}.Release|Any CPU.ActiveCfg = Release|Any CPU
		{995275C1-C8C3-48B6-BD77-AA2CB66CA360}.Release|Any CPU.Build.0 = Release|Any CPU
		{DCD9FDBD-B53C-4639-8D0A-749F2D2F9298}.Debug|Any CPU.ActiveCfg = Debug|Any CPU
		{DCD9FDBD-B53C-4639-8D0A-749F2D2F9298}.Debug|Any CPU.Build.0 = Debug|Any CPU
		{DCD9FDBD-B53C-4639-8D0A-749F2D2F9298}.Release|Any CPU.ActiveCfg = Release|Any CPU
		{DCD9FDBD-B53C-4639-8D0A-749F2D2F9298}.Release|Any CPU.Build.0 = Release|Any CPU
		{9846AFBA-9A20-4A8B-B9FC-ED45ECBAF516}.Debug|Any CPU.ActiveCfg = Debug|Any CPU
		{9846AFBA-9A20-4A8B-B9FC-ED45ECBAF516}.Debug|Any CPU.Build.0 = Debug|Any CPU
		{9846AFBA-9A20-4A8B-B9FC-ED45ECBAF516}.Release|Any CPU.ActiveCfg = Release|Any CPU
		{9846AFBA-9A20-4A8B-B9FC-ED45ECBAF516}.Release|Any CPU.Build.0 = Release|Any CPU
		{65A76418-682B-4F71-B718-ADE2AEF0CB7D}.Debug|Any CPU.ActiveCfg = Debug|Any CPU
		{65A76418-682B-4F71-B718-ADE2AEF0CB7D}.Debug|Any CPU.Build.0 = Debug|Any CPU
		{65A76418-682B-4F71-B718-ADE2AEF0CB7D}.Release|Any CPU.ActiveCfg = Release|Any CPU
		{65A76418-682B-4F71-B718-ADE2AEF0CB7D}.Release|Any CPU.Build.0 = Release|Any CPU
		{51E9B37F-4EF9-4DA1-BDAB-82A808B250DE}.Debug|Any CPU.ActiveCfg = Debug|Any CPU
		{51E9B37F-4EF9-4DA1-BDAB-82A808B250DE}.Debug|Any CPU.Build.0 = Debug|Any CPU
		{51E9B37F-4EF9-4DA1-BDAB-82A808B250DE}.Release|Any CPU.ActiveCfg = Release|Any CPU
		{51E9B37F-4EF9-4DA1-BDAB-82A808B250DE}.Release|Any CPU.Build.0 = Release|Any CPU
		{7B37A876-2905-4F90-B552-DDA679D1F4FD}.Debug|Any CPU.ActiveCfg = Debug|Any CPU
		{7B37A876-2905-4F90-B552-DDA679D1F4FD}.Debug|Any CPU.Build.0 = Debug|Any CPU
		{7B37A876-2905-4F90-B552-DDA679D1F4FD}.Release|Any CPU.ActiveCfg = Release|Any CPU
		{7B37A876-2905-4F90-B552-DDA679D1F4FD}.Release|Any CPU.Build.0 = Release|Any CPU
		{C6FF08C9-56B2-49B0-94FF-A5065797B676}.Debug|Any CPU.ActiveCfg = Debug|Any CPU
		{C6FF08C9-56B2-49B0-94FF-A5065797B676}.Debug|Any CPU.Build.0 = Debug|Any CPU
		{C6FF08C9-56B2-49B0-94FF-A5065797B676}.Release|Any CPU.ActiveCfg = Release|Any CPU
		{C6FF08C9-56B2-49B0-94FF-A5065797B676}.Release|Any CPU.Build.0 = Release|Any CPU
		{E1AB6BB5-881B-4D14-80F8-A57FCB411552}.Debug|Any CPU.ActiveCfg = Debug|Any CPU
		{E1AB6BB5-881B-4D14-80F8-A57FCB411552}.Debug|Any CPU.Build.0 = Debug|Any CPU
		{E1AB6BB5-881B-4D14-80F8-A57FCB411552}.Release|Any CPU.ActiveCfg = Release|Any CPU
		{E1AB6BB5-881B-4D14-80F8-A57FCB411552}.Release|Any CPU.Build.0 = Release|Any CPU
		{0521F71C-9CFC-46E3-8E52-33B600B83985}.Debug|Any CPU.ActiveCfg = Debug|Any CPU
		{0521F71C-9CFC-46E3-8E52-33B600B83985}.Debug|Any CPU.Build.0 = Debug|Any CPU
		{0521F71C-9CFC-46E3-8E52-33B600B83985}.Release|Any CPU.ActiveCfg = Release|Any CPU
		{0521F71C-9CFC-46E3-8E52-33B600B83985}.Release|Any CPU.Build.0 = Release|Any CPU
		{131B8296-9A56-402E-9DDF-CF4234E57F39}.Debug|Any CPU.ActiveCfg = Debug|Any CPU
		{131B8296-9A56-402E-9DDF-CF4234E57F39}.Debug|Any CPU.Build.0 = Debug|Any CPU
		{131B8296-9A56-402E-9DDF-CF4234E57F39}.Release|Any CPU.ActiveCfg = Release|Any CPU
		{131B8296-9A56-402E-9DDF-CF4234E57F39}.Release|Any CPU.Build.0 = Release|Any CPU
		{E3690643-3097-4AC6-B770-A4884B31B30B}.Debug|Any CPU.ActiveCfg = Debug|Any CPU
		{E3690643-3097-4AC6-B770-A4884B31B30B}.Debug|Any CPU.Build.0 = Debug|Any CPU
		{E3690643-3097-4AC6-B770-A4884B31B30B}.Release|Any CPU.ActiveCfg = Release|Any CPU
		{E3690643-3097-4AC6-B770-A4884B31B30B}.Release|Any CPU.Build.0 = Release|Any CPU
	EndGlobalSection
	GlobalSection(SolutionProperties) = preSolution
		HideSolutionNode = FALSE
	EndGlobalSection
	GlobalSection(NestedProjects) = preSolution
		{C6FF08C9-56B2-49B0-94FF-A5065797B676} = {95A9DDDF-6519-4EE5-A51C-0E665D67BEDC}
		{E1AB6BB5-881B-4D14-80F8-A57FCB411552} = {95A9DDDF-6519-4EE5-A51C-0E665D67BEDC}
		{0521F71C-9CFC-46E3-8E52-33B600B83985} = {95A9DDDF-6519-4EE5-A51C-0E665D67BEDC}
	EndGlobalSection
	GlobalSection(ExtensibilityGlobals) = postSolution
		SolutionGuid = {D6110671-4E49-4702-832A-BE22583842C7}
	EndGlobalSection
EndGlobal
